# This file is generated by running "yarn install" inside your project.
# Manual changes might be lost - proceed with caution!

__metadata:
  version: 8
  cacheKey: 10c0

"@actions/core@npm:^1.10.1":
  version: 1.10.1
  resolution: "@actions/core@npm:1.10.1"
  dependencies:
    "@actions/http-client": "npm:^2.0.1"
    uuid: "npm:^8.3.2"
  checksum: 10c0/7a61446697a23dcad3545cf0634dedbdedf20ae9a0ee6ee977554589a15deb4a93593ee48a41258933d58ce0778f446b0d2c162b60750956fb75e0b9560fb832
  languageName: node
  linkType: hard

"@actions/github@npm:^6.0.0":
  version: 6.0.0
  resolution: "@actions/github@npm:6.0.0"
  dependencies:
    "@actions/http-client": "npm:^2.2.0"
    "@octokit/core": "npm:^5.0.1"
    "@octokit/plugin-paginate-rest": "npm:^9.0.0"
    "@octokit/plugin-rest-endpoint-methods": "npm:^10.0.0"
  checksum: 10c0/6f86f564e6ec5873c69ff23bed308cef5f964dbdb559c5415c1ba479517bf18352713a2a757c27f8f67a3d675fdd78446cf142b27762489f697edf9c58e72378
  languageName: node
  linkType: hard

"@actions/http-client@npm:^2.0.1, @actions/http-client@npm:^2.2.0":
  version: 2.2.3
  resolution: "@actions/http-client@npm:2.2.3"
  dependencies:
    tunnel: "npm:^0.0.6"
    undici: "npm:^5.25.4"
  checksum: 10c0/13141b66a42aa4afd8c50f7479e13a5cdb5084ccb3c73ec48894b8029743389a3d2bf8cdc18e23fb70cd33995740526dd308815613907571e897c3aa1e5eada6
  languageName: node
  linkType: hard

"@biomejs/biome@npm:2.2.2":
  version: 2.2.2
  resolution: "@biomejs/biome@npm:2.2.2"
  dependencies:
    "@biomejs/cli-darwin-arm64": "npm:2.2.2"
    "@biomejs/cli-darwin-x64": "npm:2.2.2"
    "@biomejs/cli-linux-arm64": "npm:2.2.2"
    "@biomejs/cli-linux-arm64-musl": "npm:2.2.2"
    "@biomejs/cli-linux-x64": "npm:2.2.2"
    "@biomejs/cli-linux-x64-musl": "npm:2.2.2"
    "@biomejs/cli-win32-arm64": "npm:2.2.2"
    "@biomejs/cli-win32-x64": "npm:2.2.2"
  dependenciesMeta:
    "@biomejs/cli-darwin-arm64":
      optional: true
    "@biomejs/cli-darwin-x64":
      optional: true
    "@biomejs/cli-linux-arm64":
      optional: true
    "@biomejs/cli-linux-arm64-musl":
      optional: true
    "@biomejs/cli-linux-x64":
      optional: true
    "@biomejs/cli-linux-x64-musl":
      optional: true
    "@biomejs/cli-win32-arm64":
      optional: true
    "@biomejs/cli-win32-x64":
      optional: true
  bin:
    biome: bin/biome
  checksum: 10c0/108690efd8c3a5fcee9faf89371319b2d066208e8adbb05855650032a1cc9afc98ec4206b73b0be2c49cdf64ef765cf5a24785456b814d5846ab65b293791daf
  languageName: node
  linkType: hard

"@biomejs/cli-darwin-arm64@npm:2.2.2":
  version: 2.2.2
  resolution: "@biomejs/cli-darwin-arm64@npm:2.2.2"
  conditions: os=darwin & cpu=arm64
  languageName: node
  linkType: hard

"@biomejs/cli-darwin-x64@npm:2.2.2":
  version: 2.2.2
  resolution: "@biomejs/cli-darwin-x64@npm:2.2.2"
  conditions: os=darwin & cpu=x64
  languageName: node
  linkType: hard

"@biomejs/cli-linux-arm64-musl@npm:2.2.2":
  version: 2.2.2
  resolution: "@biomejs/cli-linux-arm64-musl@npm:2.2.2"
  conditions: os=linux & cpu=arm64 & libc=musl
  languageName: node
  linkType: hard

"@biomejs/cli-linux-arm64@npm:2.2.2":
  version: 2.2.2
  resolution: "@biomejs/cli-linux-arm64@npm:2.2.2"
  conditions: os=linux & cpu=arm64 & libc=glibc
  languageName: node
  linkType: hard

"@biomejs/cli-linux-x64-musl@npm:2.2.2":
  version: 2.2.2
  resolution: "@biomejs/cli-linux-x64-musl@npm:2.2.2"
  conditions: os=linux & cpu=x64 & libc=musl
  languageName: node
  linkType: hard

"@biomejs/cli-linux-x64@npm:2.2.2":
  version: 2.2.2
  resolution: "@biomejs/cli-linux-x64@npm:2.2.2"
  conditions: os=linux & cpu=x64 & libc=glibc
  languageName: node
  linkType: hard

"@biomejs/cli-win32-arm64@npm:2.2.2":
  version: 2.2.2
  resolution: "@biomejs/cli-win32-arm64@npm:2.2.2"
  conditions: os=win32 & cpu=arm64
  languageName: node
  linkType: hard

"@biomejs/cli-win32-x64@npm:2.2.2":
  version: 2.2.2
  resolution: "@biomejs/cli-win32-x64@npm:2.2.2"
  conditions: os=win32 & cpu=x64
  languageName: node
  linkType: hard

"@discoveryjs/json-ext@npm:^0.6.0":
  version: 0.6.1
  resolution: "@discoveryjs/json-ext@npm:0.6.1"
  checksum: 10c0/116838b9685f26ce88335703f0f0cb84a242f9db93a6b408676c314a3bfd916ef405d84c3ff427e882dc4775b586e3a8a9d88fecc07cc93cbd33f6d560db29bf
  languageName: node
  linkType: hard

"@esbuild/aix-ppc64@npm:0.25.0":
  version: 0.25.0
  resolution: "@esbuild/aix-ppc64@npm:0.25.0"
  conditions: os=aix & cpu=ppc64
  languageName: node
  linkType: hard

"@esbuild/android-arm64@npm:0.25.0":
  version: 0.25.0
  resolution: "@esbuild/android-arm64@npm:0.25.0"
  conditions: os=android & cpu=arm64
  languageName: node
  linkType: hard

"@esbuild/android-arm@npm:0.25.0":
  version: 0.25.0
  resolution: "@esbuild/android-arm@npm:0.25.0"
  conditions: os=android & cpu=arm
  languageName: node
  linkType: hard

"@esbuild/android-x64@npm:0.25.0":
  version: 0.25.0
  resolution: "@esbuild/android-x64@npm:0.25.0"
  conditions: os=android & cpu=x64
  languageName: node
  linkType: hard

"@esbuild/darwin-arm64@npm:0.25.0":
  version: 0.25.0
  resolution: "@esbuild/darwin-arm64@npm:0.25.0"
  conditions: os=darwin & cpu=arm64
  languageName: node
  linkType: hard

"@esbuild/darwin-x64@npm:0.25.0":
  version: 0.25.0
  resolution: "@esbuild/darwin-x64@npm:0.25.0"
  conditions: os=darwin & cpu=x64
  languageName: node
  linkType: hard

"@esbuild/freebsd-arm64@npm:0.25.0":
  version: 0.25.0
  resolution: "@esbuild/freebsd-arm64@npm:0.25.0"
  conditions: os=freebsd & cpu=arm64
  languageName: node
  linkType: hard

"@esbuild/freebsd-x64@npm:0.25.0":
  version: 0.25.0
  resolution: "@esbuild/freebsd-x64@npm:0.25.0"
  conditions: os=freebsd & cpu=x64
  languageName: node
  linkType: hard

"@esbuild/linux-arm64@npm:0.25.0":
  version: 0.25.0
  resolution: "@esbuild/linux-arm64@npm:0.25.0"
  conditions: os=linux & cpu=arm64
  languageName: node
  linkType: hard

"@esbuild/linux-arm@npm:0.25.0":
  version: 0.25.0
  resolution: "@esbuild/linux-arm@npm:0.25.0"
  conditions: os=linux & cpu=arm
  languageName: node
  linkType: hard

"@esbuild/linux-ia32@npm:0.25.0":
  version: 0.25.0
  resolution: "@esbuild/linux-ia32@npm:0.25.0"
  conditions: os=linux & cpu=ia32
  languageName: node
  linkType: hard

"@esbuild/linux-loong64@npm:0.25.0":
  version: 0.25.0
  resolution: "@esbuild/linux-loong64@npm:0.25.0"
  conditions: os=linux & cpu=loong64
  languageName: node
  linkType: hard

"@esbuild/linux-mips64el@npm:0.25.0":
  version: 0.25.0
  resolution: "@esbuild/linux-mips64el@npm:0.25.0"
  conditions: os=linux & cpu=mips64el
  languageName: node
  linkType: hard

"@esbuild/linux-ppc64@npm:0.25.0":
  version: 0.25.0
  resolution: "@esbuild/linux-ppc64@npm:0.25.0"
  conditions: os=linux & cpu=ppc64
  languageName: node
  linkType: hard

"@esbuild/linux-riscv64@npm:0.25.0":
  version: 0.25.0
  resolution: "@esbuild/linux-riscv64@npm:0.25.0"
  conditions: os=linux & cpu=riscv64
  languageName: node
  linkType: hard

"@esbuild/linux-s390x@npm:0.25.0":
  version: 0.25.0
  resolution: "@esbuild/linux-s390x@npm:0.25.0"
  conditions: os=linux & cpu=s390x
  languageName: node
  linkType: hard

"@esbuild/linux-x64@npm:0.25.0":
  version: 0.25.0
  resolution: "@esbuild/linux-x64@npm:0.25.0"
  conditions: os=linux & cpu=x64
  languageName: node
  linkType: hard

"@esbuild/netbsd-arm64@npm:0.25.0":
  version: 0.25.0
  resolution: "@esbuild/netbsd-arm64@npm:0.25.0"
  conditions: os=netbsd & cpu=arm64
  languageName: node
  linkType: hard

"@esbuild/netbsd-x64@npm:0.25.0":
  version: 0.25.0
  resolution: "@esbuild/netbsd-x64@npm:0.25.0"
  conditions: os=netbsd & cpu=x64
  languageName: node
  linkType: hard

"@esbuild/openbsd-arm64@npm:0.25.0":
  version: 0.25.0
  resolution: "@esbuild/openbsd-arm64@npm:0.25.0"
  conditions: os=openbsd & cpu=arm64
  languageName: node
  linkType: hard

"@esbuild/openbsd-x64@npm:0.25.0":
  version: 0.25.0
  resolution: "@esbuild/openbsd-x64@npm:0.25.0"
  conditions: os=openbsd & cpu=x64
  languageName: node
  linkType: hard

"@esbuild/sunos-x64@npm:0.25.0":
  version: 0.25.0
  resolution: "@esbuild/sunos-x64@npm:0.25.0"
  conditions: os=sunos & cpu=x64
  languageName: node
  linkType: hard

"@esbuild/win32-arm64@npm:0.25.0":
  version: 0.25.0
  resolution: "@esbuild/win32-arm64@npm:0.25.0"
  conditions: os=win32 & cpu=arm64
  languageName: node
  linkType: hard

"@esbuild/win32-ia32@npm:0.25.0":
  version: 0.25.0
  resolution: "@esbuild/win32-ia32@npm:0.25.0"
  conditions: os=win32 & cpu=ia32
  languageName: node
  linkType: hard

"@esbuild/win32-x64@npm:0.25.0":
  version: 0.25.0
  resolution: "@esbuild/win32-x64@npm:0.25.0"
  conditions: os=win32 & cpu=x64
  languageName: node
  linkType: hard

"@fastify/busboy@npm:^2.0.0":
  version: 2.1.1
  resolution: "@fastify/busboy@npm:2.1.1"
  checksum: 10c0/6f8027a8cba7f8f7b736718b013f5a38c0476eea67034c94a0d3c375e2b114366ad4419e6a6fa7ffc2ef9c6d3e0435d76dd584a7a1cbac23962fda7650b579e3
  languageName: node
  linkType: hard

"@jridgewell/sourcemap-codec@npm:^1.5.5":
  version: 1.5.5
  resolution: "@jridgewell/sourcemap-codec@npm:1.5.5"
  checksum: 10c0/f9e538f302b63c0ebc06eecb1dd9918dd4289ed36147a0ddce35d6ea4d7ebbda243cda7b2213b6a5e1d8087a298d5cf630fb2bd39329cdecb82017023f6081a0
  languageName: node
  linkType: hard

"@octokit/auth-token@npm:^4.0.0":
  version: 4.0.0
  resolution: "@octokit/auth-token@npm:4.0.0"
  checksum: 10c0/57acaa6c394c5abab2f74e8e1dcf4e7a16b236f713c77a54b8f08e2d14114de94b37946259e33ec2aab0566b26f724c2b71d2602352b59e541a9854897618f3c
  languageName: node
  linkType: hard

"@octokit/core@npm:^5.0.1":
  version: 5.2.0
  resolution: "@octokit/core@npm:5.2.0"
  dependencies:
    "@octokit/auth-token": "npm:^4.0.0"
    "@octokit/graphql": "npm:^7.1.0"
    "@octokit/request": "npm:^8.3.1"
    "@octokit/request-error": "npm:^5.1.0"
    "@octokit/types": "npm:^13.0.0"
    before-after-hook: "npm:^2.2.0"
    universal-user-agent: "npm:^6.0.0"
  checksum: 10c0/9dc5cf55b335da382f340ef74c8009c06a1f7157b0530d3ff6cacf179887811352dcd405448e37849d73f17b28970b7817995be2260ce902dad52b91905542f0
  languageName: node
  linkType: hard

"@octokit/endpoint@npm:^9.0.6":
  version: 9.0.6
  resolution: "@octokit/endpoint@npm:9.0.6"
  dependencies:
    "@octokit/types": "npm:^13.1.0"
    universal-user-agent: "npm:^6.0.0"
  checksum: 10c0/8e06197b21869aeb498e0315093ca6fbee12bd1bdcfc1667fcd7d79d827d84f2c5a30702ffd28bba7879780e367d14c30df5b20d47fcaed5de5fdc05f5d4e013
  languageName: node
  linkType: hard

"@octokit/graphql@npm:^7.1.0":
  version: 7.1.0
  resolution: "@octokit/graphql@npm:7.1.0"
  dependencies:
    "@octokit/request": "npm:^8.3.0"
    "@octokit/types": "npm:^13.0.0"
    universal-user-agent: "npm:^6.0.0"
  checksum: 10c0/6d50a013d151f416fc837644e394e8b8872da7b17b181da119842ca569b0971e4dfacda55af6c329b51614e436945415dd5bd75eb3652055fdb754bbcd20d9d1
  languageName: node
  linkType: hard

"@octokit/openapi-types@npm:^20.0.0":
  version: 20.0.0
  resolution: "@octokit/openapi-types@npm:20.0.0"
  checksum: 10c0/5176dcc3b9d182ede3d446750cfa5cf31139624785a73fcf3511e3102a802b4d7cc45e999c27ed91d73fe8b7d718c8c406facb48688926921a71fe603b7db95d
  languageName: node
  linkType: hard

"@octokit/openapi-types@npm:^22.2.0":
  version: 22.2.0
  resolution: "@octokit/openapi-types@npm:22.2.0"
  checksum: 10c0/a45bfc735611e836df0729f5922bbd5811d401052b972d1e3bc1278a2d2403e00f4552ce9d1f2793f77f167d212da559c5cb9f1b02c935114ad6d898779546ee
  languageName: node
  linkType: hard

"@octokit/plugin-paginate-rest@npm:^9.0.0":
  version: 9.2.2
  resolution: "@octokit/plugin-paginate-rest@npm:9.2.2"
  dependencies:
    "@octokit/types": "npm:^12.6.0"
  peerDependencies:
    "@octokit/core": 5
  checksum: 10c0/e9c85b17064fe6b62f9af88dba008f3daef456b1195340ea0831990e9c4dbabe89be950b6e5dc924ebcca18ad1aaa0cf6df7d824dc8be26ce9a55f20336ff815
  languageName: node
  linkType: hard

"@octokit/plugin-rest-endpoint-methods@npm:^10.0.0":
  version: 10.4.1
  resolution: "@octokit/plugin-rest-endpoint-methods@npm:10.4.1"
  dependencies:
    "@octokit/types": "npm:^12.6.0"
  peerDependencies:
    "@octokit/core": 5
  checksum: 10c0/4b8f64c0f7fa12464546ad312a5289c2a799967e01e90e2c4923ec6e9604cf212dcb50d9795c9a688867f973c9c529c5950368564c560406c652bcd298f090af
  languageName: node
  linkType: hard

"@octokit/request-error@npm:^5.1.0, @octokit/request-error@npm:^5.1.1":
  version: 5.1.1
  resolution: "@octokit/request-error@npm:5.1.1"
  dependencies:
    "@octokit/types": "npm:^13.1.0"
    deprecation: "npm:^2.0.0"
    once: "npm:^1.4.0"
  checksum: 10c0/dc9fc76ea5e4199273e4665ce9ddf345fe8f25578d9999c9a16f276298e61ee6fe0e6f5a6147b91ba3b34fdf5b9e6b7af6ae13d6333175e95b30c574088f7a2d
  languageName: node
  linkType: hard

"@octokit/request@npm:^8.3.0, @octokit/request@npm:^8.3.1":
  version: 8.4.1
  resolution: "@octokit/request@npm:8.4.1"
  dependencies:
    "@octokit/endpoint": "npm:^9.0.6"
    "@octokit/request-error": "npm:^5.1.1"
    "@octokit/types": "npm:^13.1.0"
    universal-user-agent: "npm:^6.0.0"
  checksum: 10c0/1a69dcb7336de708a296db9e9a58040e5b284a87495a63112f80eb0007da3fc96a9fadecb9e875fc63cf179c23a0f81031fbef2a6f610a219e45805ead03fcf3
  languageName: node
  linkType: hard

"@octokit/types@npm:^12.6.0":
  version: 12.6.0
  resolution: "@octokit/types@npm:12.6.0"
  dependencies:
    "@octokit/openapi-types": "npm:^20.0.0"
  checksum: 10c0/0bea58bda46c93287f5a80a0e52bc60e7dc7136b8a38c3569d63d073fb9df4a56acdb9d9bdba9978f37c374a4a6e3e52886ef5b08cace048adb0012cacef942c
  languageName: node
  linkType: hard

"@octokit/types@npm:^13.0.0, @octokit/types@npm:^13.1.0":
  version: 13.5.0
  resolution: "@octokit/types@npm:13.5.0"
  dependencies:
    "@octokit/openapi-types": "npm:^22.2.0"
  checksum: 10c0/355ebc6776ce23feace1b1be0927cdda758790fda83068109c4f27b354dcd43d0447d4dc24e5eafdb596465469ea1baed23f3fd63adfec508cc375ccd1dcb0a3
  languageName: node
  linkType: hard

"@rollup/rollup-android-arm-eabi@npm:4.50.1":
  version: 4.50.1
  resolution: "@rollup/rollup-android-arm-eabi@npm:4.50.1"
  conditions: os=android & cpu=arm
  languageName: node
  linkType: hard

"@rollup/rollup-android-arm64@npm:4.50.1":
  version: 4.50.1
  resolution: "@rollup/rollup-android-arm64@npm:4.50.1"
  conditions: os=android & cpu=arm64
  languageName: node
  linkType: hard

"@rollup/rollup-darwin-arm64@npm:4.50.1":
  version: 4.50.1
  resolution: "@rollup/rollup-darwin-arm64@npm:4.50.1"
  conditions: os=darwin & cpu=arm64
  languageName: node
  linkType: hard

"@rollup/rollup-darwin-x64@npm:4.50.1":
  version: 4.50.1
  resolution: "@rollup/rollup-darwin-x64@npm:4.50.1"
  conditions: os=darwin & cpu=x64
  languageName: node
  linkType: hard

"@rollup/rollup-freebsd-arm64@npm:4.50.1":
  version: 4.50.1
  resolution: "@rollup/rollup-freebsd-arm64@npm:4.50.1"
  conditions: os=freebsd & cpu=arm64
  languageName: node
  linkType: hard

"@rollup/rollup-freebsd-x64@npm:4.50.1":
  version: 4.50.1
  resolution: "@rollup/rollup-freebsd-x64@npm:4.50.1"
  conditions: os=freebsd & cpu=x64
  languageName: node
  linkType: hard

"@rollup/rollup-linux-arm-gnueabihf@npm:4.50.1":
  version: 4.50.1
  resolution: "@rollup/rollup-linux-arm-gnueabihf@npm:4.50.1"
  conditions: os=linux & cpu=arm & libc=glibc
  languageName: node
  linkType: hard

"@rollup/rollup-linux-arm-musleabihf@npm:4.50.1":
  version: 4.50.1
  resolution: "@rollup/rollup-linux-arm-musleabihf@npm:4.50.1"
  conditions: os=linux & cpu=arm & libc=musl
  languageName: node
  linkType: hard

"@rollup/rollup-linux-arm64-gnu@npm:4.50.1":
  version: 4.50.1
  resolution: "@rollup/rollup-linux-arm64-gnu@npm:4.50.1"
  conditions: os=linux & cpu=arm64 & libc=glibc
  languageName: node
  linkType: hard

"@rollup/rollup-linux-arm64-musl@npm:4.50.1":
  version: 4.50.1
  resolution: "@rollup/rollup-linux-arm64-musl@npm:4.50.1"
  conditions: os=linux & cpu=arm64 & libc=musl
  languageName: node
  linkType: hard

"@rollup/rollup-linux-loongarch64-gnu@npm:4.50.1":
  version: 4.50.1
  resolution: "@rollup/rollup-linux-loongarch64-gnu@npm:4.50.1"
  conditions: os=linux & cpu=loong64 & libc=glibc
  languageName: node
  linkType: hard

"@rollup/rollup-linux-ppc64-gnu@npm:4.50.1":
  version: 4.50.1
  resolution: "@rollup/rollup-linux-ppc64-gnu@npm:4.50.1"
  conditions: os=linux & cpu=ppc64 & libc=glibc
  languageName: node
  linkType: hard

"@rollup/rollup-linux-riscv64-gnu@npm:4.50.1":
  version: 4.50.1
  resolution: "@rollup/rollup-linux-riscv64-gnu@npm:4.50.1"
  conditions: os=linux & cpu=riscv64 & libc=glibc
  languageName: node
  linkType: hard

"@rollup/rollup-linux-riscv64-musl@npm:4.50.1":
  version: 4.50.1
  resolution: "@rollup/rollup-linux-riscv64-musl@npm:4.50.1"
  conditions: os=linux & cpu=riscv64 & libc=musl
  languageName: node
  linkType: hard

"@rollup/rollup-linux-s390x-gnu@npm:4.50.1":
  version: 4.50.1
  resolution: "@rollup/rollup-linux-s390x-gnu@npm:4.50.1"
  conditions: os=linux & cpu=s390x & libc=glibc
  languageName: node
  linkType: hard

"@rollup/rollup-linux-x64-gnu@npm:4.50.1":
  version: 4.50.1
  resolution: "@rollup/rollup-linux-x64-gnu@npm:4.50.1"
  conditions: os=linux & cpu=x64 & libc=glibc
  languageName: node
  linkType: hard

"@rollup/rollup-linux-x64-musl@npm:4.50.1":
  version: 4.50.1
  resolution: "@rollup/rollup-linux-x64-musl@npm:4.50.1"
  conditions: os=linux & cpu=x64 & libc=musl
  languageName: node
  linkType: hard

"@rollup/rollup-openharmony-arm64@npm:4.50.1":
  version: 4.50.1
  resolution: "@rollup/rollup-openharmony-arm64@npm:4.50.1"
  conditions: os=openharmony & cpu=arm64
  languageName: node
  linkType: hard

"@rollup/rollup-win32-arm64-msvc@npm:4.50.1":
  version: 4.50.1
  resolution: "@rollup/rollup-win32-arm64-msvc@npm:4.50.1"
  conditions: os=win32 & cpu=arm64
  languageName: node
  linkType: hard

"@rollup/rollup-win32-ia32-msvc@npm:4.50.1":
  version: 4.50.1
  resolution: "@rollup/rollup-win32-ia32-msvc@npm:4.50.1"
  conditions: os=win32 & cpu=ia32
  languageName: node
  linkType: hard

"@rollup/rollup-win32-x64-msvc@npm:4.50.1":
  version: 4.50.1
  resolution: "@rollup/rollup-win32-x64-msvc@npm:4.50.1"
  conditions: os=win32 & cpu=x64
  languageName: node
  linkType: hard

"@standard-schema/spec@npm:^1.0.0":
  version: 1.0.0
  resolution: "@standard-schema/spec@npm:1.0.0"
  checksum: 10c0/a1ab9a8bdc09b5b47aa8365d0e0ec40cc2df6437be02853696a0e377321653b0d3ac6f079a8c67d5ddbe9821025584b1fb71d9cc041a6666a96f1fadf2ece15f
  languageName: node
  linkType: hard

"@types/chai@npm:^5.2.2":
  version: 5.2.2
  resolution: "@types/chai@npm:5.2.2"
  dependencies:
    "@types/deep-eql": "npm:*"
  checksum: 10c0/49282bf0e8246800ebb36f17256f97bd3a8c4fb31f92ad3c0eaa7623518d7e87f1eaad4ad206960fcaf7175854bdff4cb167e4fe96811e0081b4ada83dd533ec
  languageName: node
  linkType: hard

"@types/deep-eql@npm:*":
  version: 4.0.2
  resolution: "@types/deep-eql@npm:4.0.2"
  checksum: 10c0/bf3f811843117900d7084b9d0c852da9a044d12eb40e6de73b552598a6843c21291a8a381b0532644574beecd5e3491c5ff3a0365ab86b15d59862c025384844
  languageName: node
  linkType: hard

"@types/estree@npm:1.0.8, @types/estree@npm:^1.0.0":
  version: 1.0.8
  resolution: "@types/estree@npm:1.0.8"
  checksum: 10c0/39d34d1afaa338ab9763f37ad6066e3f349444f9052b9676a7cc0252ef9485a41c6d81c9c4e0d26e9077993354edf25efc853f3224dd4b447175ef62bdcc86a5
  languageName: node
  linkType: hard

"@types/node@npm:*":
  version: 22.15.33
  resolution: "@types/node@npm:22.15.33"
  dependencies:
    undici-types: "npm:~6.21.0"
  checksum: 10c0/ee040c29c891aa37fffc27d04a8529318c391356346933646b7692eaf62236831ad532f6ebaf43ebd6a2ef1f0f091860d8a0a83a4e3c5a4f66d37aa1b2c99f31
  languageName: node
  linkType: hard

"@vitest/expect@npm:4.0.2":
  version: 4.0.2
  resolution: "@vitest/expect@npm:4.0.2"
  dependencies:
    "@standard-schema/spec": "npm:^1.0.0"
    "@types/chai": "npm:^5.2.2"
    "@vitest/spy": "npm:4.0.2"
    "@vitest/utils": "npm:4.0.2"
    chai: "npm:^6.0.1"
    tinyrainbow: "npm:^3.0.3"
  checksum: 10c0/82e02f9ae4e83133cd90d801877df3f4c7c388095bce6ef0806f4eef05b18e1acb9847e935fa73ad6253249205ad7434594fff9288042aba5ab605db5fd5d95d
  languageName: node
  linkType: hard

"@vitest/mocker@npm:4.0.2":
  version: 4.0.2
  resolution: "@vitest/mocker@npm:4.0.2"
  dependencies:
    "@vitest/spy": "npm:4.0.2"
    estree-walker: "npm:^3.0.3"
    magic-string: "npm:^0.30.19"
  peerDependencies:
    msw: ^2.4.9
    vite: ^6.0.0 || ^7.0.0-0
  peerDependenciesMeta:
    msw:
      optional: true
    vite:
      optional: true
  checksum: 10c0/e587c01ac82fc04c68977e8559dcac58d9f30afcd77faa5f0981113c47eee466ec39066ec826de05ee55e3da9d9d4bc982fc418970a871076ea2aeea64f8c74f
  languageName: node
  linkType: hard

"@vitest/pretty-format@npm:4.0.2":
  version: 4.0.2
  resolution: "@vitest/pretty-format@npm:4.0.2"
  dependencies:
    tinyrainbow: "npm:^3.0.3"
  checksum: 10c0/b07f2e9bfc5477fe8acdae5274d4c5d75a46c3bad2b203eb41fbaada76b4c34312ca183e728dc094e0769324e4cc1052942cbaf6c8fcc11b3fe252ff02a0adb3
  languageName: node
  linkType: hard

"@vitest/runner@npm:4.0.2":
  version: 4.0.2
  resolution: "@vitest/runner@npm:4.0.2"
  dependencies:
    "@vitest/utils": "npm:4.0.2"
    pathe: "npm:^2.0.3"
  checksum: 10c0/bd7eb22375867be3acedda7b96f70da3c860fd31e199dfe8cddfd9641ab473daa2c098ad0d090f6881b5762af5906b2ec6db3e6825e250d7805715565909656a
  languageName: node
  linkType: hard

"@vitest/snapshot@npm:4.0.2":
  version: 4.0.2
  resolution: "@vitest/snapshot@npm:4.0.2"
  dependencies:
    "@vitest/pretty-format": "npm:4.0.2"
    magic-string: "npm:^0.30.19"
    pathe: "npm:^2.0.3"
  checksum: 10c0/21364fa9eca6b2ab9484e739148e9b699c2c3b504027274c8c908ed921d75b8c84215f8f40c95c3df0b633714c061b584631f6b54bd1891be37a7e8c2cdfcdc3
  languageName: node
  linkType: hard

"@vitest/spy@npm:4.0.2":
  version: 4.0.2
  resolution: "@vitest/spy@npm:4.0.2"
  checksum: 10c0/9143df2de4841d07074ea4916d88122bd2f56aa4f4a590d2dd6dee1d82fca7ae9da946be39de13874bc34439de262a32dd3ec947e5a94c8fdfe0cc3b71015cf7
  languageName: node
  linkType: hard

"@vitest/utils@npm:4.0.2":
  version: 4.0.2
  resolution: "@vitest/utils@npm:4.0.2"
  dependencies:
    "@vitest/pretty-format": "npm:4.0.2"
    tinyrainbow: "npm:^3.0.3"
  checksum: 10c0/0b393caf0187aa4519c8901d9d40f2889c77ceb3a49b71aea653bc8f7b107da0574587047c9b1d52e3ce442fa1061c3649130bd1f5485e2ab5fc9632d82a43d4
  languageName: node
  linkType: hard

"@wojtekmaj/vite-compare-bundle-size@workspace:.":
  version: 0.0.0-use.local
  resolution: "@wojtekmaj/vite-compare-bundle-size@workspace:."
  dependencies:
    "@actions/core": "npm:^1.10.1"
    "@actions/github": "npm:^6.0.0"
    "@biomejs/biome": "npm:2.2.2"
    "@discoveryjs/json-ext": "npm:^0.6.0"
    "@types/node": "npm:*"
    husky: "npm:^9.0.0"
    typescript: "npm:^5.9.2"
    vitest: "npm:^4.0.1"
  languageName: unknown
  linkType: soft

"before-after-hook@npm:^2.2.0":
  version: 2.2.3
  resolution: "before-after-hook@npm:2.2.3"
  checksum: 10c0/0488c4ae12df758ca9d49b3bb27b47fd559677965c52cae7b335784724fb8bf96c42b6e5ba7d7afcbc31facb0e294c3ef717cc41c5bc2f7bd9e76f8b90acd31c
  languageName: node
  linkType: hard

"chai@npm:^6.0.1":
  version: 6.2.0
  resolution: "chai@npm:6.2.0"
  checksum: 10c0/a4b7d7f5907187e09f1847afa838d6d1608adc7d822031b7900813c4ed5d9702911ac2468bf290676f22fddb3d727b1be90b57c1d0a69b902534ee29cdc6ff8a
  languageName: node
  linkType: hard

"debug@npm:^4.4.3":
  version: 4.4.3
  resolution: "debug@npm:4.4.3"
  dependencies:
    ms: "npm:^2.1.3"
  peerDependenciesMeta:
    supports-color:
      optional: true
  checksum: 10c0/d79136ec6c83ecbefd0f6a5593da6a9c91ec4d7ddc4b54c883d6e71ec9accb5f67a1a5e96d00a328196b5b5c86d365e98d8a3a70856aaf16b4e7b1985e67f5a6
  languageName: node
  linkType: hard

"deprecation@npm:^2.0.0":
  version: 2.3.1
  resolution: "deprecation@npm:2.3.1"
  checksum: 10c0/23d688ba66b74d09b908c40a76179418acbeeb0bfdf218c8075c58ad8d0c315130cb91aa3dffb623aa3a411a3569ce56c6460de6c8d69071c17fe6dd2442f032
  languageName: node
  linkType: hard

"es-module-lexer@npm:^1.7.0":
  version: 1.7.0
  resolution: "es-module-lexer@npm:1.7.0"
  checksum: 10c0/4c935affcbfeba7fb4533e1da10fa8568043df1e3574b869385980de9e2d475ddc36769891936dbb07036edb3c3786a8b78ccf44964cd130dedc1f2c984b6c7b
  languageName: node
  linkType: hard

"esbuild@npm:^0.25.0":
  version: 0.25.0
  resolution: "esbuild@npm:0.25.0"
  dependencies:
    "@esbuild/aix-ppc64": "npm:0.25.0"
    "@esbuild/android-arm": "npm:0.25.0"
    "@esbuild/android-arm64": "npm:0.25.0"
    "@esbuild/android-x64": "npm:0.25.0"
    "@esbuild/darwin-arm64": "npm:0.25.0"
    "@esbuild/darwin-x64": "npm:0.25.0"
    "@esbuild/freebsd-arm64": "npm:0.25.0"
    "@esbuild/freebsd-x64": "npm:0.25.0"
    "@esbuild/linux-arm": "npm:0.25.0"
    "@esbuild/linux-arm64": "npm:0.25.0"
    "@esbuild/linux-ia32": "npm:0.25.0"
    "@esbuild/linux-loong64": "npm:0.25.0"
    "@esbuild/linux-mips64el": "npm:0.25.0"
    "@esbuild/linux-ppc64": "npm:0.25.0"
    "@esbuild/linux-riscv64": "npm:0.25.0"
    "@esbuild/linux-s390x": "npm:0.25.0"
    "@esbuild/linux-x64": "npm:0.25.0"
    "@esbuild/netbsd-arm64": "npm:0.25.0"
    "@esbuild/netbsd-x64": "npm:0.25.0"
    "@esbuild/openbsd-arm64": "npm:0.25.0"
    "@esbuild/openbsd-x64": "npm:0.25.0"
    "@esbuild/sunos-x64": "npm:0.25.0"
    "@esbuild/win32-arm64": "npm:0.25.0"
    "@esbuild/win32-ia32": "npm:0.25.0"
    "@esbuild/win32-x64": "npm:0.25.0"
  dependenciesMeta:
    "@esbuild/aix-ppc64":
      optional: true
    "@esbuild/android-arm":
      optional: true
    "@esbuild/android-arm64":
      optional: true
    "@esbuild/android-x64":
      optional: true
    "@esbuild/darwin-arm64":
      optional: true
    "@esbuild/darwin-x64":
      optional: true
    "@esbuild/freebsd-arm64":
      optional: true
    "@esbuild/freebsd-x64":
      optional: true
    "@esbuild/linux-arm":
      optional: true
    "@esbuild/linux-arm64":
      optional: true
    "@esbuild/linux-ia32":
      optional: true
    "@esbuild/linux-loong64":
      optional: true
    "@esbuild/linux-mips64el":
      optional: true
    "@esbuild/linux-ppc64":
      optional: true
    "@esbuild/linux-riscv64":
      optional: true
    "@esbuild/linux-s390x":
      optional: true
    "@esbuild/linux-x64":
      optional: true
    "@esbuild/netbsd-arm64":
      optional: true
    "@esbuild/netbsd-x64":
      optional: true
    "@esbuild/openbsd-arm64":
      optional: true
    "@esbuild/openbsd-x64":
      optional: true
    "@esbuild/sunos-x64":
      optional: true
    "@esbuild/win32-arm64":
      optional: true
    "@esbuild/win32-ia32":
      optional: true
    "@esbuild/win32-x64":
      optional: true
  bin:
    esbuild: bin/esbuild
  checksum: 10c0/5767b72da46da3cfec51661647ec850ddbf8a8d0662771139f10ef0692a8831396a0004b2be7966cecdb08264fb16bdc16290dcecd92396fac5f12d722fa013d
  languageName: node
  linkType: hard

"estree-walker@npm:^3.0.3":
  version: 3.0.3
  resolution: "estree-walker@npm:3.0.3"
  dependencies:
    "@types/estree": "npm:^1.0.0"
  checksum: 10c0/c12e3c2b2642d2bcae7d5aa495c60fa2f299160946535763969a1c83fc74518ffa9c2cd3a8b69ac56aea547df6a8aac25f729a342992ef0bbac5f1c73e78995d
  languageName: node
  linkType: hard

"expect-type@npm:^1.2.2":
  version: 1.2.2
  resolution: "expect-type@npm:1.2.2"
  checksum: 10c0/6019019566063bbc7a690d9281d920b1a91284a4a093c2d55d71ffade5ac890cf37a51e1da4602546c4b56569d2ad2fc175a2ccee77d1ae06cb3af91ef84f44b
  languageName: node
  linkType: hard

"fdir@npm:^6.5.0":
  version: 6.5.0
  resolution: "fdir@npm:6.5.0"
  peerDependencies:
    picomatch: ^3 || ^4
  peerDependenciesMeta:
    picomatch:
      optional: true
  checksum: 10c0/e345083c4306b3aed6cb8ec551e26c36bab5c511e99ea4576a16750ddc8d3240e63826cc624f5ae17ad4dc82e68a253213b60d556c11bfad064b7607847ed07f
  languageName: node
  linkType: hard

"fsevents@npm:~2.3.2, fsevents@npm:~2.3.3":
  version: 2.3.3
  resolution: "fsevents@npm:2.3.3"
  checksum: 10c0/a1f0c44595123ed717febbc478aa952e47adfc28e2092be66b8ab1635147254ca6cfe1df792a8997f22716d4cbafc73309899ff7bfac2ac3ad8cf2e4ecc3ec60
  conditions: os=darwin
  languageName: node
  linkType: hard

"fsevents@patch:fsevents@npm%3A~2.3.2#optional!builtin<compat/fsevents>, fsevents@patch:fsevents@npm%3A~2.3.3#optional!builtin<compat/fsevents>":
  version: 2.3.3
  resolution: "fsevents@patch:fsevents@npm%3A2.3.3#optional!builtin<compat/fsevents>::version=2.3.3&hash=df0bf1"
  conditions: os=darwin
  languageName: node
  linkType: hard

"husky@npm:^9.0.0":
  version: 9.1.5
  resolution: "husky@npm:9.1.5"
  bin:
    husky: bin.js
  checksum: 10c0/f42efb95a026303eb880898760f802d88409780dd72f17781d2dfc302177d4f80b641cf1f1694f53f6d97c536c7397684133d8c8fe4a4426f7460186a7d1c6b8
  languageName: node
  linkType: hard

"magic-string@npm:^0.30.19":
  version: 0.30.21
  resolution: "magic-string@npm:0.30.21"
  dependencies:
    "@jridgewell/sourcemap-codec": "npm:^1.5.5"
  checksum: 10c0/299378e38f9a270069fc62358522ddfb44e94244baa0d6a8980ab2a9b2490a1d03b236b447eee309e17eb3bddfa482c61259d47960eb018a904f0ded52780c4a
  languageName: node
  linkType: hard

"ms@npm:^2.1.3":
  version: 2.1.3
  resolution: "ms@npm:2.1.3"
  checksum: 10c0/d924b57e7312b3b63ad21fc5b3dc0af5e78d61a1fc7cfb5457edaf26326bf62be5307cc87ffb6862ef1c2b33b0233cdb5d4f01c4c958cc0d660948b65a287a48
  languageName: node
  linkType: hard

"nanoid@npm:^3.3.11":
  version: 3.3.11
  resolution: "nanoid@npm:3.3.11"
  bin:
    nanoid: bin/nanoid.cjs
  checksum: 10c0/40e7f70b3d15f725ca072dfc4f74e81fcf1fbb02e491cf58ac0c79093adc9b0a73b152bcde57df4b79cd097e13023d7504acb38404a4da7bc1cd8e887b82fe0b
  languageName: node
  linkType: hard

"once@npm:^1.4.0":
  version: 1.4.0
  resolution: "once@npm:1.4.0"
  dependencies:
    wrappy: "npm:1"
  checksum: 10c0/5d48aca287dfefabd756621c5dfce5c91a549a93e9fdb7b8246bc4c4790aa2ec17b34a260530474635147aeb631a2dcc8b32c613df0675f96041cbb8244517d0
  languageName: node
  linkType: hard

"pathe@npm:^2.0.3":
  version: 2.0.3
  resolution: "pathe@npm:2.0.3"
  checksum: 10c0/c118dc5a8b5c4166011b2b70608762e260085180bb9e33e80a50dcdb1e78c010b1624f4280c492c92b05fc276715a4c357d1f9edc570f8f1b3d90b6839ebaca1
  languageName: node
  linkType: hard

"picocolors@npm:^1.1.1":
  version: 1.1.1
  resolution: "picocolors@npm:1.1.1"
  checksum: 10c0/e2e3e8170ab9d7c7421969adaa7e1b31434f789afb9b3f115f6b96d91945041ac3ceb02e9ec6fe6510ff036bcc0bf91e69a1772edc0b707e12b19c0f2d6bcf58
  languageName: node
  linkType: hard

"picomatch@npm:^4.0.3":
  version: 4.0.3
  resolution: "picomatch@npm:4.0.3"
  checksum: 10c0/9582c951e95eebee5434f59e426cddd228a7b97a0161a375aed4be244bd3fe8e3a31b846808ea14ef2c8a2527a6eeab7b3946a67d5979e81694654f939473ae2
  languageName: node
  linkType: hard

"postcss@npm:^8.5.6":
  version: 8.5.6
  resolution: "postcss@npm:8.5.6"
  dependencies:
    nanoid: "npm:^3.3.11"
    picocolors: "npm:^1.1.1"
    source-map-js: "npm:^1.2.1"
  checksum: 10c0/5127cc7c91ed7a133a1b7318012d8bfa112da9ef092dddf369ae699a1f10ebbd89b1b9f25f3228795b84585c72aabd5ced5fc11f2ba467eedf7b081a66fad024
  languageName: node
  linkType: hard

"rollup@npm:^4.43.0":
  version: 4.50.1
  resolution: "rollup@npm:4.50.1"
  dependencies:
    "@rollup/rollup-android-arm-eabi": "npm:4.50.1"
    "@rollup/rollup-android-arm64": "npm:4.50.1"
    "@rollup/rollup-darwin-arm64": "npm:4.50.1"
    "@rollup/rollup-darwin-x64": "npm:4.50.1"
    "@rollup/rollup-freebsd-arm64": "npm:4.50.1"
    "@rollup/rollup-freebsd-x64": "npm:4.50.1"
    "@rollup/rollup-linux-arm-gnueabihf": "npm:4.50.1"
    "@rollup/rollup-linux-arm-musleabihf": "npm:4.50.1"
    "@rollup/rollup-linux-arm64-gnu": "npm:4.50.1"
    "@rollup/rollup-linux-arm64-musl": "npm:4.50.1"
    "@rollup/rollup-linux-loongarch64-gnu": "npm:4.50.1"
    "@rollup/rollup-linux-ppc64-gnu": "npm:4.50.1"
    "@rollup/rollup-linux-riscv64-gnu": "npm:4.50.1"
    "@rollup/rollup-linux-riscv64-musl": "npm:4.50.1"
    "@rollup/rollup-linux-s390x-gnu": "npm:4.50.1"
    "@rollup/rollup-linux-x64-gnu": "npm:4.50.1"
    "@rollup/rollup-linux-x64-musl": "npm:4.50.1"
    "@rollup/rollup-openharmony-arm64": "npm:4.50.1"
    "@rollup/rollup-win32-arm64-msvc": "npm:4.50.1"
    "@rollup/rollup-win32-ia32-msvc": "npm:4.50.1"
    "@rollup/rollup-win32-x64-msvc": "npm:4.50.1"
    "@types/estree": "npm:1.0.8"
    fsevents: "npm:~2.3.2"
  dependenciesMeta:
    "@rollup/rollup-android-arm-eabi":
      optional: true
    "@rollup/rollup-android-arm64":
      optional: true
    "@rollup/rollup-darwin-arm64":
      optional: true
    "@rollup/rollup-darwin-x64":
      optional: true
    "@rollup/rollup-freebsd-arm64":
      optional: true
    "@rollup/rollup-freebsd-x64":
      optional: true
    "@rollup/rollup-linux-arm-gnueabihf":
      optional: true
    "@rollup/rollup-linux-arm-musleabihf":
      optional: true
    "@rollup/rollup-linux-arm64-gnu":
      optional: true
    "@rollup/rollup-linux-arm64-musl":
      optional: true
    "@rollup/rollup-linux-loongarch64-gnu":
      optional: true
    "@rollup/rollup-linux-ppc64-gnu":
      optional: true
    "@rollup/rollup-linux-riscv64-gnu":
      optional: true
    "@rollup/rollup-linux-riscv64-musl":
      optional: true
    "@rollup/rollup-linux-s390x-gnu":
      optional: true
    "@rollup/rollup-linux-x64-gnu":
      optional: true
    "@rollup/rollup-linux-x64-musl":
      optional: true
    "@rollup/rollup-openharmony-arm64":
      optional: true
    "@rollup/rollup-win32-arm64-msvc":
      optional: true
    "@rollup/rollup-win32-ia32-msvc":
      optional: true
    "@rollup/rollup-win32-x64-msvc":
      optional: true
    fsevents:
      optional: true
  bin:
    rollup: dist/bin/rollup
  checksum: 10c0/2029282826d5fb4e308be261b2c28329a4d2bd34304cc3960da69fd21d5acccd0267d6770b1656ffc8f166203ef7e865b4583d5f842a519c8ef059ac71854205
  languageName: node
  linkType: hard

"siginfo@npm:^2.0.0":
  version: 2.0.0
  resolution: "siginfo@npm:2.0.0"
  checksum: 10c0/3def8f8e516fbb34cb6ae415b07ccc5d9c018d85b4b8611e3dc6f8be6d1899f693a4382913c9ed51a06babb5201639d76453ab297d1c54a456544acf5c892e34
  languageName: node
  linkType: hard

"source-map-js@npm:^1.2.1":
  version: 1.2.1
  resolution: "source-map-js@npm:1.2.1"
  checksum: 10c0/7bda1fc4c197e3c6ff17de1b8b2c20e60af81b63a52cb32ec5a5d67a20a7d42651e2cb34ebe93833c5a2a084377e17455854fee3e21e7925c64a51b6a52b0faf
  languageName: node
  linkType: hard

"stackback@npm:0.0.2":
  version: 0.0.2
  resolution: "stackback@npm:0.0.2"
  checksum: 10c0/89a1416668f950236dd5ac9f9a6b2588e1b9b62b1b6ad8dff1bfc5d1a15dbf0aafc9b52d2226d00c28dffff212da464eaeebfc6b7578b9d180cef3e3782c5983
  languageName: node
  linkType: hard

"std-env@npm:^3.9.0":
  version: 3.9.0
  resolution: "std-env@npm:3.9.0"
  checksum: 10c0/4a6f9218aef3f41046c3c7ecf1f98df00b30a07f4f35c6d47b28329bc2531eef820828951c7d7b39a1c5eb19ad8a46e3ddfc7deb28f0a2f3ceebee11bab7ba50
  languageName: node
  linkType: hard

"tinybench@npm:^2.9.0":
  version: 2.9.0
  resolution: "tinybench@npm:2.9.0"
  checksum: 10c0/c3500b0f60d2eb8db65250afe750b66d51623057ee88720b7f064894a6cb7eb93360ca824a60a31ab16dab30c7b1f06efe0795b352e37914a9d4bad86386a20c
  languageName: node
  linkType: hard

"tinyexec@npm:^0.3.2":
  version: 0.3.2
  resolution: "tinyexec@npm:0.3.2"
  checksum: 10c0/3efbf791a911be0bf0821eab37a3445c2ba07acc1522b1fa84ae1e55f10425076f1290f680286345ed919549ad67527d07281f1c19d584df3b74326909eb1f90
  languageName: node
  linkType: hard

"tinyglobby@npm:^0.2.15":
  version: 0.2.15
  resolution: "tinyglobby@npm:0.2.15"
  dependencies:
    fdir: "npm:^6.5.0"
    picomatch: "npm:^4.0.3"
  checksum: 10c0/869c31490d0d88eedb8305d178d4c75e7463e820df5a9b9d388291daf93e8b1eb5de1dad1c1e139767e4269fe75f3b10d5009b2cc14db96ff98986920a186844
  languageName: node
  linkType: hard

"tinyrainbow@npm:^3.0.3":
  version: 3.0.3
  resolution: "tinyrainbow@npm:3.0.3"
  checksum: 10c0/1e799d35cd23cabe02e22550985a3051dc88814a979be02dc632a159c393a998628eacfc558e4c746b3006606d54b00bcdea0c39301133956d10a27aa27e988c
  languageName: node
  linkType: hard

"tunnel@npm:^0.0.6":
  version: 0.0.6
  resolution: "tunnel@npm:0.0.6"
  checksum: 10c0/e27e7e896f2426c1c747325b5f54efebc1a004647d853fad892b46d64e37591ccd0b97439470795e5262b5c0748d22beb4489a04a0a448029636670bfd801b75
  languageName: node
  linkType: hard

"typescript@npm:^5.9.2":
  version: 5.9.2
  resolution: "typescript@npm:5.9.2"
  bin:
    tsc: bin/tsc
    tsserver: bin/tsserver
  checksum: 10c0/cd635d50f02d6cf98ed42de2f76289701c1ec587a363369255f01ed15aaf22be0813226bff3c53e99d971f9b540e0b3cc7583dbe05faded49b1b0bed2f638a18
  languageName: node
  linkType: hard

"typescript@patch:typescript@npm%3A^5.9.2#optional!builtin<compat/typescript>":
  version: 5.9.2
  resolution: "typescript@patch:typescript@npm%3A5.9.2#optional!builtin<compat/typescript>::version=5.9.2&hash=5786d5"
  bin:
    tsc: bin/tsc
    tsserver: bin/tsserver
  checksum: 10c0/34d2a8e23eb8e0d1875072064d5e1d9c102e0bdce56a10a25c0b917b8aa9001a9cf5c225df12497e99da107dc379360bc138163c66b55b95f5b105b50578067e
  languageName: node
  linkType: hard

"undici-types@npm:~6.21.0":
  version: 6.21.0
  resolution: "undici-types@npm:6.21.0"
  checksum: 10c0/c01ed51829b10aa72fc3ce64b747f8e74ae9b60eafa19a7b46ef624403508a54c526ffab06a14a26b3120d055e1104d7abe7c9017e83ced038ea5cf52f8d5e04
  languageName: node
  linkType: hard

"undici@npm:^5.25.4":
  version: 5.29.0
  resolution: "undici@npm:5.29.0"
  dependencies:
    "@fastify/busboy": "npm:^2.0.0"
  checksum: 10c0/e4e4d631ca54ee0ad82d2e90e7798fa00a106e27e6c880687e445cc2f13b4bc87c5eba2a88c266c3eecffb18f26e227b778412da74a23acc374fca7caccec49b
  languageName: node
  linkType: hard

"universal-user-agent@npm:^6.0.0":
  version: 6.0.1
  resolution: "universal-user-agent@npm:6.0.1"
  checksum: 10c0/5c9c46ffe19a975e11e6443640ed4c9e0ce48fcc7203325757a8414ac49940ebb0f4667f2b1fa561489d1eb22cb2d05a0f7c82ec20c5cba42e58e188fb19b187
  languageName: node
  linkType: hard

"uuid@npm:^8.3.2":
  version: 8.3.2
  resolution: "uuid@npm:8.3.2"
  bin:
    uuid: dist/bin/uuid
  checksum: 10c0/bcbb807a917d374a49f475fae2e87fdca7da5e5530820ef53f65ba1d12131bd81a92ecf259cc7ce317cbe0f289e7d79fdfebcef9bfa3087c8c8a2fa304c9be54
  languageName: node
  linkType: hard

"vite@npm:^6.0.0 || ^7.0.0":
  version: 7.1.12
  resolution: "vite@npm:7.1.12"
  dependencies:
    esbuild: "npm:^0.25.0"
    fdir: "npm:^6.5.0"
    fsevents: "npm:~2.3.3"
    picomatch: "npm:^4.0.3"
    postcss: "npm:^8.5.6"
    rollup: "npm:^4.43.0"
    tinyglobby: "npm:^0.2.15"
  peerDependencies:
    "@types/node": ^20.19.0 || >=22.12.0
    jiti: ">=1.21.0"
    less: ^4.0.0
    lightningcss: ^1.21.0
    sass: ^1.70.0
    sass-embedded: ^1.70.0
    stylus: ">=0.54.8"
    sugarss: ^5.0.0
    terser: ^5.16.0
    tsx: ^4.8.1
    yaml: ^2.4.2
  dependenciesMeta:
    fsevents:
      optional: true
  peerDependenciesMeta:
    "@types/node":
      optional: true
    jiti:
      optional: true
    less:
      optional: true
    lightningcss:
      optional: true
    sass:
      optional: true
    sass-embedded:
      optional: true
    stylus:
      optional: true
    sugarss:
      optional: true
    terser:
      optional: true
    tsx:
      optional: true
    yaml:
      optional: true
  bin:
    vite: bin/vite.js
  checksum: 10c0/cef4d4b4a84e663e09b858964af36e916892ac8540068df42a05ced637ceeae5e9ef71c72d54f3cfc1f3c254af16634230e221b6e2327c2a66d794bb49203262
  languageName: node
  linkType: hard

"vitest@npm:^4.0.1":
  version: 4.0.2
  resolution: "vitest@npm:4.0.2"
  dependencies:
    "@vitest/expect": "npm:4.0.2"
    "@vitest/mocker": "npm:4.0.2"
    "@vitest/pretty-format": "npm:4.0.2"
    "@vitest/runner": "npm:4.0.2"
    "@vitest/snapshot": "npm:4.0.2"
    "@vitest/spy": "npm:4.0.2"
    "@vitest/utils": "npm:4.0.2"
    debug: "npm:^4.4.3"
    es-module-lexer: "npm:^1.7.0"
    expect-type: "npm:^1.2.2"
    magic-string: "npm:^0.30.19"
    pathe: "npm:^2.0.3"
    picomatch: "npm:^4.0.3"
    std-env: "npm:^3.9.0"
    tinybench: "npm:^2.9.0"
    tinyexec: "npm:^0.3.2"
    tinyglobby: "npm:^0.2.15"
    tinyrainbow: "npm:^3.0.3"
    vite: "npm:^6.0.0 || ^7.0.0"
    why-is-node-running: "npm:^2.3.0"
  peerDependencies:
    "@edge-runtime/vm": "*"
    "@types/debug": ^4.1.12
    "@types/node": ^20.0.0 || ^22.0.0 || >=24.0.0
    "@vitest/browser-playwright": 4.0.2
    "@vitest/browser-preview": 4.0.2
    "@vitest/browser-webdriverio": 4.0.2
    "@vitest/ui": 4.0.2
    happy-dom: "*"
    jsdom: "*"
  peerDependenciesMeta:
    "@edge-runtime/vm":
      optional: true
    "@types/debug":
      optional: true
    "@types/node":
      optional: true
    "@vitest/browser-playwright":
      optional: true
    "@vitest/browser-preview":
      optional: true
    "@vitest/browser-webdriverio":
      optional: true
    "@vitest/ui":
      optional: true
    happy-dom:
      optional: true
    jsdom:
      optional: true
  bin:
    vitest: vitest.mjs
  checksum: 10c0/965d2ad3e3f8d1dc4899ceafce9f81581b54df00df5c36e307d576dd54315223e20ab93fe16a0ee5a47c33696ed72b55b6289bee7e54915d74a48631f61a34fd
  languageName: node
  linkType: hard

"why-is-node-running@npm:^2.3.0":
  version: 2.3.0
  resolution: "why-is-node-running@npm:2.3.0"
  dependencies:
    siginfo: "npm:^2.0.0"
    stackback: "npm:0.0.2"
  bin:
    why-is-node-running: cli.js
  checksum: 10c0/1cde0b01b827d2cf4cb11db962f3958b9175d5d9e7ac7361d1a7b0e2dc6069a263e69118bd974c4f6d0a890ef4eedfe34cf3d5167ec14203dbc9a18620537054
  languageName: node
  linkType: hard

"wrappy@npm:1":
  version: 1.0.2
  resolution: "wrappy@npm:1.0.2"
  checksum: 10c0/56fece1a4018c6a6c8e28fbc88c87e0fbf4ea8fd64fc6c63b18f4acc4bd13e0ad2515189786dd2c30d3eec9663d70f4ecf699330002f8ccb547e4a18231fc9f0
  languageName: node
  linkType: hard
